
Microsoft Visual Studio Solution File, Format Version 12.00
# Visual Studio 15
VisualStudioVersion = 15.0.27004.2005
MinimumVisualStudioVersion = 10.0.40219.1
Project("{FAE04EC0-301F-11D3-BF4B-00C04F79EFBC}") = "Game1", "Game1.csproj", "{35E37FF1-AFDA-94C7-0A4A-DC4EE8CFA03B}"
	ProjectSection(ProjectDependencies) = postProject
		{BFD42A2E-886F-40EF-864B-D7F43A10C12E} = {BFD42A2E-886F-40EF-864B-D7F43A10C12E}
	EndProjectSection
EndProject
Project("{FAE04EC0-301F-11D3-BF4B-00C04F79EFBC}") = "Game1.Plugins", "Game1.Plugins.csproj", "{78B630A5-F5F5-4B8B-860F-7FABF35A7DE1}"
EndProject
Project("{FAE04EC0-301F-11D3-BF4B-00C04F79EFBC}") = "Game1.Editor.Plugins", "Game1.Editor.Plugins.csproj", "{0AB91968-BC88-D70B-EBF3-29E38FA63E8A}"
EndProject
Project("{9A19103F-16F7-4668-BE54-9A1E7A4F7556}") = "MyNPCLib", "MyNPCLib\MyNPCLib.csproj", "{BFD42A2E-886F-40EF-864B-D7F43A10C12E}"
EndProject
Project("{9A19103F-16F7-4668-BE54-9A1E7A4F7556}") = "TmpSandBox", "TmpSandBox\TmpSandBox.csproj", "{E82FCD35-DE02-4E4F-94C0-AB612F722723}"
EndProject
Project("{FAE04EC0-301F-11D3-BF4B-00C04F79EFBC}") = "XUnitTests", "XUnitTests\XUnitTests.csproj", "{320ECE72-5B3B-4C6B-9209-B646E23A66B2}"
EndProject
Global
	GlobalSection(SolutionConfigurationPlatforms) = preSolution
		Debug|Any CPU = Debug|Any CPU
		Release|Any CPU = Release|Any CPU
	EndGlobalSection
	GlobalSection(ProjectConfigurationPlatforms) = postSolution
		{35E37FF1-AFDA-94C7-0A4A-DC4EE8CFA03B}.Debug|Any CPU.ActiveCfg = Debug|Any CPU
		{35E37FF1-AFDA-94C7-0A4A-DC4EE8CFA03B}.Debug|Any CPU.Build.0 = Debug|Any CPU
		{35E37FF1-AFDA-94C7-0A4A-DC4EE8CFA03B}.Release|Any CPU.ActiveCfg = Release|Any CPU
		{35E37FF1-AFDA-94C7-0A4A-DC4EE8CFA03B}.Release|Any CPU.Build.0 = Release|Any CPU
		{78B630A5-F5F5-4B8B-860F-7FABF35A7DE1}.Debug|Any CPU.ActiveCfg = Debug|Any CPU
		{78B630A5-F5F5-4B8B-860F-7FABF35A7DE1}.Debug|Any CPU.Build.0 = Debug|Any CPU
		{78B630A5-F5F5-4B8B-860F-7FABF35A7DE1}.Release|Any CPU.ActiveCfg = Release|Any CPU
		{78B630A5-F5F5-4B8B-860F-7FABF35A7DE1}.Release|Any CPU.Build.0 = Release|Any CPU
		{0AB91968-BC88-D70B-EBF3-29E38FA63E8A}.Debug|Any CPU.ActiveCfg = Debug|Any CPU
		{0AB91968-BC88-D70B-EBF3-29E38FA63E8A}.Debug|Any CPU.Build.0 = Debug|Any CPU
		{0AB91968-BC88-D70B-EBF3-29E38FA63E8A}.Release|Any CPU.ActiveCfg = Release|Any CPU
		{0AB91968-BC88-D70B-EBF3-29E38FA63E8A}.Release|Any CPU.Build.0 = Release|Any CPU
		{BFD42A2E-886F-40EF-864B-D7F43A10C12E}.Debug|Any CPU.ActiveCfg = Debug|Any CPU
		{BFD42A2E-886F-40EF-864B-D7F43A10C12E}.Debug|Any CPU.Build.0 = Debug|Any CPU
		{BFD42A2E-886F-40EF-864B-D7F43A10C12E}.Release|Any CPU.ActiveCfg = Release|Any CPU
		{BFD42A2E-886F-40EF-864B-D7F43A10C12E}.Release|Any CPU.Build.0 = Release|Any CPU
		{E82FCD35-DE02-4E4F-94C0-AB612F722723}.Debug|Any CPU.ActiveCfg = Debug|Any CPU
		{E82FCD35-DE02-4E4F-94C0-AB612F722723}.Debug|Any CPU.Build.0 = Debug|Any CPU
		{E82FCD35-DE02-4E4F-94C0-AB612F722723}.Release|Any CPU.ActiveCfg = Release|Any CPU
		{E82FCD35-DE02-4E4F-94C0-AB612F722723}.Release|Any CPU.Build.0 = Release|Any CPU
		{320ECE72-5B3B-4C6B-9209-B646E23A66B2}.Debug|Any CPU.ActiveCfg = Debug|Any CPU
		{320ECE72-5B3B-4C6B-9209-B646E23A66B2}.Debug|Any CPU.Build.0 = Debug|Any CPU
		{320ECE72-5B3B-4C6B-9209-B646E23A66B2}.Release|Any CPU.ActiveCfg = Release|Any CPU
		{320ECE72-5B3B-4C6B-9209-B646E23A66B2}.Release|Any CPU.Build.0 = Release|Any CPU
	EndGlobalSection
	GlobalSection(SolutionProperties) = preSolution
		HideSolutionNode = FALSE
	EndGlobalSection
	GlobalSection(ExtensibilityGlobals) = postSolution
		SolutionGuid = {C8CA0B68-E6AE-4AB1-8926-C35D39538B1C}
	EndGlobalSection
EndGlobal
