
Microsoft Visual Studio Solution File, Format Version 12.00
# Visual Studio 15
Project("{FAE04EC0-301F-11D3-BF4B-00C04F79EFBC}") = "Game1", "Assembly-CSharp.csproj", "{7A8E2D87-BD4D-935C-C539-C3FF95D2C919}"
EndProject
Project("{FAE04EC0-301F-11D3-BF4B-00C04F79EFBC}") = "Game1", "Assembly-CSharp-firstpass.csproj", "{50C872E7-23DC-1C8C-851C-0512B96682F1}"
EndProject
Project("{FAE04EC0-301F-11D3-BF4B-00C04F79EFBC}") = "Game1", "Assembly-CSharp-Editor-firstpass.csproj", "{CCDACF45-F157-A3FD-E17B-356F75E7ACE2}"
EndProject
Project("{9A19103F-16F7-4668-BE54-9A1E7A4F7556}") = "MyNPCLib", "MyNPCLib\MyNPCLib.csproj", "{BFD42A2E-886F-40EF-864B-D7F43A10C12E}"
EndProject
Project("{9A19103F-16F7-4668-BE54-9A1E7A4F7556}") = "TmpSandBox", "TmpSandBox\TmpSandBox.csproj", "{E82FCD35-DE02-4E4F-94C0-AB612F722723}"
EndProject
Project("{9A19103F-16F7-4668-BE54-9A1E7A4F7556}") = "XUnitTests", "XUnitTests\XUnitTests.csproj", "{320ECE72-5B3B-4C6B-9209-B646E23A66B2}"
EndProject
Project("{9A19103F-16F7-4668-BE54-9A1E7A4F7556}") = "MyNPCHostLib", "MyNPCHostLib\MyNPCHostLib.csproj", "{83C5D20C-D6C8-43B6-A6F2-72FAB196CA84}"
EndProject
Project("{9A19103F-16F7-4668-BE54-9A1E7A4F7556}") = "TestedNPCLogic", "TestedNPCLogic\TestedNPCLogic.csproj", "{35FFBC99-5CBB-4829-9312-2B4E0420CED5}"
EndProject
Project("{9A19103F-16F7-4668-BE54-9A1E7A4F7556}") = "OpenNLPForNS", "OpenNLPForNS\OpenNLPForNS.csproj", "{3218E1E9-B30B-4503-A735-2A59E441B47B}"
EndProject
Project("{9A19103F-16F7-4668-BE54-9A1E7A4F7556}") = "SharpWordNetForNS", "SharpWordNetForNS\SharpWordNetForNS.csproj", "{EE157A20-01D8-4C27-B36A-6A5405813316}"
EndProject
Project("{9A19103F-16F7-4668-BE54-9A1E7A4F7556}") = "SharpEntropyForNS", "SharpEntropyForNS\SharpEntropyForNS.csproj", "{3F614D0E-224F-4235-9C9B-8CE36B037D29}"
EndProject
Project("{FAE04EC0-301F-11D3-BF4B-00C04F79EFBC}") = "TstNLP", "TstNLP\TstNLP.csproj", "{12AB5A8C-7CE2-4C6B-A91E-2B2CBBA4DE65}"
EndProject
Global
	GlobalSection(SolutionConfigurationPlatforms) = preSolution
		Debug|Any CPU = Debug|Any CPU
		Release|Any CPU = Release|Any CPU
	EndGlobalSection
	GlobalSection(ProjectConfigurationPlatforms) = postSolution
		{7A8E2D87-BD4D-935C-C539-C3FF95D2C919}.Debug|Any CPU.ActiveCfg = Debug|Any CPU
		{7A8E2D87-BD4D-935C-C539-C3FF95D2C919}.Debug|Any CPU.Build.0 = Debug|Any CPU
		{7A8E2D87-BD4D-935C-C539-C3FF95D2C919}.Release|Any CPU.ActiveCfg = Release|Any CPU
		{7A8E2D87-BD4D-935C-C539-C3FF95D2C919}.Release|Any CPU.Build.0 = Release|Any CPU
		{50C872E7-23DC-1C8C-851C-0512B96682F1}.Debug|Any CPU.ActiveCfg = Debug|Any CPU
		{50C872E7-23DC-1C8C-851C-0512B96682F1}.Debug|Any CPU.Build.0 = Debug|Any CPU
		{50C872E7-23DC-1C8C-851C-0512B96682F1}.Release|Any CPU.ActiveCfg = Release|Any CPU
		{50C872E7-23DC-1C8C-851C-0512B96682F1}.Release|Any CPU.Build.0 = Release|Any CPU
		{CCDACF45-F157-A3FD-E17B-356F75E7ACE2}.Debug|Any CPU.ActiveCfg = Debug|Any CPU
		{CCDACF45-F157-A3FD-E17B-356F75E7ACE2}.Debug|Any CPU.Build.0 = Debug|Any CPU
		{CCDACF45-F157-A3FD-E17B-356F75E7ACE2}.Release|Any CPU.ActiveCfg = Release|Any CPU
		{CCDACF45-F157-A3FD-E17B-356F75E7ACE2}.Release|Any CPU.Build.0 = Release|Any CPU
		{BFD42A2E-886F-40EF-864B-D7F43A10C12E}.Debug|Any CPU.ActiveCfg = Debug|Any CPU
		{BFD42A2E-886F-40EF-864B-D7F43A10C12E}.Debug|Any CPU.Build.0 = Debug|Any CPU
		{BFD42A2E-886F-40EF-864B-D7F43A10C12E}.Release|Any CPU.ActiveCfg = Release|Any CPU
		{BFD42A2E-886F-40EF-864B-D7F43A10C12E}.Release|Any CPU.Build.0 = Release|Any CPU
		{E82FCD35-DE02-4E4F-94C0-AB612F722723}.Debug|Any CPU.ActiveCfg = Debug|Any CPU
		{E82FCD35-DE02-4E4F-94C0-AB612F722723}.Debug|Any CPU.Build.0 = Debug|Any CPU
		{E82FCD35-DE02-4E4F-94C0-AB612F722723}.Release|Any CPU.ActiveCfg = Release|Any CPU
		{E82FCD35-DE02-4E4F-94C0-AB612F722723}.Release|Any CPU.Build.0 = Release|Any CPU
		{320ECE72-5B3B-4C6B-9209-B646E23A66B2}.Debug|Any CPU.ActiveCfg = Debug|Any CPU
		{320ECE72-5B3B-4C6B-9209-B646E23A66B2}.Debug|Any CPU.Build.0 = Debug|Any CPU
		{320ECE72-5B3B-4C6B-9209-B646E23A66B2}.Release|Any CPU.ActiveCfg = Release|Any CPU
		{320ECE72-5B3B-4C6B-9209-B646E23A66B2}.Release|Any CPU.Build.0 = Release|Any CPU
		{83C5D20C-D6C8-43B6-A6F2-72FAB196CA84}.Debug|Any CPU.ActiveCfg = Debug|Any CPU
		{83C5D20C-D6C8-43B6-A6F2-72FAB196CA84}.Debug|Any CPU.Build.0 = Debug|Any CPU
		{83C5D20C-D6C8-43B6-A6F2-72FAB196CA84}.Release|Any CPU.ActiveCfg = Release|Any CPU
		{83C5D20C-D6C8-43B6-A6F2-72FAB196CA84}.Release|Any CPU.Build.0 = Release|Any CPU
		{35FFBC99-5CBB-4829-9312-2B4E0420CED5}.Debug|Any CPU.ActiveCfg = Debug|Any CPU
		{35FFBC99-5CBB-4829-9312-2B4E0420CED5}.Debug|Any CPU.Build.0 = Debug|Any CPU
		{35FFBC99-5CBB-4829-9312-2B4E0420CED5}.Release|Any CPU.ActiveCfg = Release|Any CPU
		{35FFBC99-5CBB-4829-9312-2B4E0420CED5}.Release|Any CPU.Build.0 = Release|Any CPU
		{3218E1E9-B30B-4503-A735-2A59E441B47B}.Debug|Any CPU.ActiveCfg = Debug|Any CPU
		{3218E1E9-B30B-4503-A735-2A59E441B47B}.Debug|Any CPU.Build.0 = Debug|Any CPU
		{3218E1E9-B30B-4503-A735-2A59E441B47B}.Release|Any CPU.ActiveCfg = Release|Any CPU
		{3218E1E9-B30B-4503-A735-2A59E441B47B}.Release|Any CPU.Build.0 = Release|Any CPU
		{EE157A20-01D8-4C27-B36A-6A5405813316}.Debug|Any CPU.ActiveCfg = Debug|Any CPU
		{EE157A20-01D8-4C27-B36A-6A5405813316}.Debug|Any CPU.Build.0 = Debug|Any CPU
		{EE157A20-01D8-4C27-B36A-6A5405813316}.Release|Any CPU.ActiveCfg = Release|Any CPU
		{EE157A20-01D8-4C27-B36A-6A5405813316}.Release|Any CPU.Build.0 = Release|Any CPU
		{3F614D0E-224F-4235-9C9B-8CE36B037D29}.Debug|Any CPU.ActiveCfg = Debug|Any CPU
		{3F614D0E-224F-4235-9C9B-8CE36B037D29}.Debug|Any CPU.Build.0 = Debug|Any CPU
		{3F614D0E-224F-4235-9C9B-8CE36B037D29}.Release|Any CPU.ActiveCfg = Release|Any CPU
		{3F614D0E-224F-4235-9C9B-8CE36B037D29}.Release|Any CPU.Build.0 = Release|Any CPU
		{12AB5A8C-7CE2-4C6B-A91E-2B2CBBA4DE65}.Debug|Any CPU.ActiveCfg = Debug|Any CPU
		{12AB5A8C-7CE2-4C6B-A91E-2B2CBBA4DE65}.Debug|Any CPU.Build.0 = Debug|Any CPU
		{12AB5A8C-7CE2-4C6B-A91E-2B2CBBA4DE65}.Release|Any CPU.ActiveCfg = Release|Any CPU
		{12AB5A8C-7CE2-4C6B-A91E-2B2CBBA4DE65}.Release|Any CPU.Build.0 = Release|Any CPU
	EndGlobalSection
	GlobalSection(SolutionProperties) = preSolution
		HideSolutionNode = FALSE
	EndGlobalSection
EndGlobal
